
Microsoft Visual Studio Solution File, Format Version 12.00
# Visual Studio 15
VisualStudioVersion = 15.0.27428.2015
MinimumVisualStudioVersion = 10.0.40219.1
Project("{FAE04EC0-301F-11D3-BF4B-00C04F79EFBC}") = "HeapFramentationPoc", "HeapFramentationPoc\HeapFramentationPoc.csproj", "{0D29862B-011D-4548-A667-01669DBC33BB}"
EndProject
Global
	GlobalSection(SolutionConfigurationPlatforms) = preSolution
		Debug|Any CPU = Debug|Any CPU
		Release|Any CPU = Release|Any CPU
	EndGlobalSection
	GlobalSection(ProjectConfigurationPlatforms) = postSolution
		{0D29862B-011D-4548-A667-01669DBC33BB}.Debug|Any CPU.ActiveCfg = Debug|Any CPU
		{0D29862B-011D-4548-A667-01669DBC33BB}.Debug|Any CPU.Build.0 = Debug|Any CPU
		{0D29862B-011D-4548-A667-01669DBC33BB}.Release|Any CPU.ActiveCfg = Release|Any CPU
		{0D29862B-011D-4548-A667-01669DBC33BB}.Release|Any CPU.Build.0 = Release|Any CPU
	EndGlobalSection
	GlobalSection(SolutionProperties) = preSolution
		HideSolutionNode = FALSE
	EndGlobalSection
	GlobalSection(ExtensibilityGlobals) = postSolution
		SolutionGuid = {698AD43D-8649-4C5B-898A-29F52A8F0364}
	EndGlobalSection
EndGlobal
